
Microsoft Visual Studio Solution File, Format Version 12.00
# Visual Studio Version 17
VisualStudioVersion = 17.10.35122.118
MinimumVisualStudioVersion = 10.0.40219.1
Project("{FAE04EC0-301F-11D3-BF4B-00C04F79EFBC}") = "WeatherScanner", "WeatherScanner\WeatherScanner.csproj", "{222799C0-F663-4EB4-9427-0E87C3E3CC56}"
EndProject
Global
	GlobalSection(SolutionConfigurationPlatforms) = preSolution
		Debug|Any CPU = Debug|Any CPU
		Release|Any CPU = Release|Any CPU
	EndGlobalSection
	GlobalSection(ProjectConfigurationPlatforms) = postSolution
		{222799C0-F663-4EB4-9427-0E87C3E3CC56}.Debug|Any CPU.ActiveCfg = Debug|Any CPU
		{222799C0-F663-4EB4-9427-0E87C3E3CC56}.Debug|Any CPU.Build.0 = Debug|Any CPU
		{222799C0-F663-4EB4-9427-0E87C3E3CC56}.Release|Any CPU.ActiveCfg = Release|Any CPU
		{222799C0-F663-4EB4-9427-0E87C3E3CC56}.Release|Any CPU.Build.0 = Release|Any CPU
	EndGlobalSection
	GlobalSection(SolutionProperties) = preSolution
		HideSolutionNode = FALSE
	EndGlobalSection
	GlobalSection(ExtensibilityGlobals) = postSolution
		SolutionGuid = {CE4E9A65-D414-4D08-A481-667E007244AE}
	EndGlobalSection
EndGlobal
